
Microsoft Visual Studio Solution File, Format Version 12.00
# Visual Studio Version 17
VisualStudioVersion = 17.12.35521.163
MinimumVisualStudioVersion = 10.0.40219.1
Project("{FAE04EC0-301F-11D3-BF4B-00C04F79EFBC}") = "BookBond.Core", "BookBond.Core\BookBond.Core.csproj", "{C2972B4F-87FD-4E47-AA05-F4B2360F8D96}"
EndProject
Project("{FAE04EC0-301F-11D3-BF4B-00C04F79EFBC}") = "BookBond.Infra", "BookBond.Infra\BookBond.Infra.csproj", "{5C3E738E-C64B-405E-9359-85D55F23D903}"
EndProject
Project("{FAE04EC0-301F-11D3-BF4B-00C04F79EFBC}") = "BookBond.Api", "BookBond.Api\BookBond.Api.csproj", "{656D56B6-8F5D-4EE1-94ED-971B0EC3BEF0}"
EndProject
Project("{E53339B2-1760-4266-BCC7-CA923CBCF16C}") = "docker-compose", "docker-compose.dcproj", "{00AAF8BA-C3AD-4FB0-9E00-464EFC0504EC}"
EndProject
Global
	GlobalSection(SolutionConfigurationPlatforms) = preSolution
		Debug|Any CPU = Debug|Any CPU
		Release|Any CPU = Release|Any CPU
	EndGlobalSection
	GlobalSection(ProjectConfigurationPlatforms) = postSolution
		{C2972B4F-87FD-4E47-AA05-F4B2360F8D96}.Debug|Any CPU.ActiveCfg = Debug|Any CPU
		{C2972B4F-87FD-4E47-AA05-F4B2360F8D96}.Debug|Any CPU.Build.0 = Debug|Any CPU
		{C2972B4F-87FD-4E47-AA05-F4B2360F8D96}.Release|Any CPU.ActiveCfg = Release|Any CPU
		{C2972B4F-87FD-4E47-AA05-F4B2360F8D96}.Release|Any CPU.Build.0 = Release|Any CPU
		{5C3E738E-C64B-405E-9359-85D55F23D903}.Debug|Any CPU.ActiveCfg = Debug|Any CPU
		{5C3E738E-C64B-405E-9359-85D55F23D903}.Debug|Any CPU.Build.0 = Debug|Any CPU
		{5C3E738E-C64B-405E-9359-85D55F23D903}.Release|Any CPU.ActiveCfg = Release|Any CPU
		{5C3E738E-C64B-405E-9359-85D55F23D903}.Release|Any CPU.Build.0 = Release|Any CPU
		{656D56B6-8F5D-4EE1-94ED-971B0EC3BEF0}.Debug|Any CPU.ActiveCfg = Debug|Any CPU
		{656D56B6-8F5D-4EE1-94ED-971B0EC3BEF0}.Debug|Any CPU.Build.0 = Debug|Any CPU
		{656D56B6-8F5D-4EE1-94ED-971B0EC3BEF0}.Release|Any CPU.ActiveCfg = Release|Any CPU
		{656D56B6-8F5D-4EE1-94ED-971B0EC3BEF0}.Release|Any CPU.Build.0 = Release|Any CPU
		{00AAF8BA-C3AD-4FB0-9E00-464EFC0504EC}.Debug|Any CPU.ActiveCfg = Debug|Any CPU
		{00AAF8BA-C3AD-4FB0-9E00-464EFC0504EC}.Debug|Any CPU.Build.0 = Debug|Any CPU
		{00AAF8BA-C3AD-4FB0-9E00-464EFC0504EC}.Release|Any CPU.ActiveCfg = Release|Any CPU
		{00AAF8BA-C3AD-4FB0-9E00-464EFC0504EC}.Release|Any CPU.Build.0 = Release|Any CPU
	EndGlobalSection
	GlobalSection(SolutionProperties) = preSolution
		HideSolutionNode = FALSE
	EndGlobalSection
EndGlobal
